
Microsoft Visual Studio Solution File, Format Version 12.00
# Visual Studio Version 17
VisualStudioVersion = 17.9.34728.123
MinimumVisualStudioVersion = 10.0.40219.1
Project("{FAE04EC0-301F-11D3-BF4B-00C04F79EFBC}") = "CryptoQuest", "CryptoQuest.csproj", "{10FFCA2D-D164-4A6D-AA2C-D3C4D4E3A6B3}"
EndProject
Global
	GlobalSection(SolutionConfigurationPlatforms) = preSolution
		Debug|Any CPU = Debug|Any CPU
		Release|Any CPU = Release|Any CPU
	EndGlobalSection
	GlobalSection(ProjectConfigurationPlatforms) = postSolution
		{10FFCA2D-D164-4A6D-AA2C-D3C4D4E3A6B3}.Debug|Any CPU.ActiveCfg = Debug|Any CPU
		{10FFCA2D-D164-4A6D-AA2C-D3C4D4E3A6B3}.Debug|Any CPU.Build.0 = Debug|Any CPU
		{10FFCA2D-D164-4A6D-AA2C-D3C4D4E3A6B3}.Release|Any CPU.ActiveCfg = Release|Any CPU
		{10FFCA2D-D164-4A6D-AA2C-D3C4D4E3A6B3}.Release|Any CPU.Build.0 = Release|Any CPU
	EndGlobalSection
	GlobalSection(SolutionProperties) = preSolution
		HideSolutionNode = FALSE
	EndGlobalSection
	GlobalSection(ExtensibilityGlobals) = postSolution
		SolutionGuid = {4FD41C26-3E9A-4860-B59C-8C904C6C5A04}
	EndGlobalSection
EndGlobal
